
Microsoft Visual Studio Solution File, Format Version 12.00
# Visual Studio Version 16
VisualStudioVersion = 16.0.32106.194
MinimumVisualStudioVersion = 10.0.40219.1
Project("{FAE04EC0-301F-11D3-BF4B-00C04F79EFBC}") = "QuizApp", "QuizApp.csproj", "{786705A4-6EAD-43AB-B791-5443B2E36C78}"
EndProject
Project("{FAE04EC0-301F-11D3-BF4B-00C04F79EFBC}") = "SilviuDLL", "..\SilviuDLL\SilviuDLL.csproj", "{4BCEF6A9-D92F-42EB-AE7C-B8054200B6C9}"
EndProject
Global
	GlobalSection(SolutionConfigurationPlatforms) = preSolution
		Debug|Any CPU = Debug|Any CPU
		Release|Any CPU = Release|Any CPU
	EndGlobalSection
	GlobalSection(ProjectConfigurationPlatforms) = postSolution
		{786705A4-6EAD-43AB-B791-5443B2E36C78}.Debug|Any CPU.ActiveCfg = Debug|Any CPU
		{786705A4-6EAD-43AB-B791-5443B2E36C78}.Debug|Any CPU.Build.0 = Debug|Any CPU
		{786705A4-6EAD-43AB-B791-5443B2E36C78}.Release|Any CPU.ActiveCfg = Release|Any CPU
		{786705A4-6EAD-43AB-B791-5443B2E36C78}.Release|Any CPU.Build.0 = Release|Any CPU
		{4BCEF6A9-D92F-42EB-AE7C-B8054200B6C9}.Debug|Any CPU.ActiveCfg = Debug|Any CPU
		{4BCEF6A9-D92F-42EB-AE7C-B8054200B6C9}.Debug|Any CPU.Build.0 = Debug|Any CPU
		{4BCEF6A9-D92F-42EB-AE7C-B8054200B6C9}.Release|Any CPU.ActiveCfg = Release|Any CPU
		{4BCEF6A9-D92F-42EB-AE7C-B8054200B6C9}.Release|Any CPU.Build.0 = Release|Any CPU
	EndGlobalSection
	GlobalSection(SolutionProperties) = preSolution
		HideSolutionNode = FALSE
	EndGlobalSection
	GlobalSection(ExtensibilityGlobals) = postSolution
		SolutionGuid = {238F1504-1411-492F-9CAC-A4C9469EC75E}
	EndGlobalSection
EndGlobal
